
Microsoft Visual Studio Solution File, Format Version 12.00
# Visual Studio Version 16
VisualStudioVersion = 16.0.32002.261
MinimumVisualStudioVersion = 10.0.40219.1
Project("{FAE04EC0-301F-11D3-BF4B-00C04F79EFBC}") = "Lab14Wpf", "Lab14Wpf\Lab14Wpf.csproj", "{2B2B1DB0-A875-4A54-83C9-686CBC3DE962}"
EndProject
Global
	GlobalSection(SolutionConfigurationPlatforms) = preSolution
		Debug|Any CPU = Debug|Any CPU
		Release|Any CPU = Release|Any CPU
	EndGlobalSection
	GlobalSection(ProjectConfigurationPlatforms) = postSolution
		{2B2B1DB0-A875-4A54-83C9-686CBC3DE962}.Debug|Any CPU.ActiveCfg = Debug|Any CPU
		{2B2B1DB0-A875-4A54-83C9-686CBC3DE962}.Debug|Any CPU.Build.0 = Debug|Any CPU
		{2B2B1DB0-A875-4A54-83C9-686CBC3DE962}.Release|Any CPU.ActiveCfg = Release|Any CPU
		{2B2B1DB0-A875-4A54-83C9-686CBC3DE962}.Release|Any CPU.Build.0 = Release|Any CPU
	EndGlobalSection
	GlobalSection(SolutionProperties) = preSolution
		HideSolutionNode = FALSE
	EndGlobalSection
	GlobalSection(ExtensibilityGlobals) = postSolution
		SolutionGuid = {C3499261-6E47-4FF3-BF66-D40BF94DEE8D}
	EndGlobalSection
EndGlobal
